
Microsoft Visual Studio Solution File, Format Version 12.00
# Visual Studio Version 16
VisualStudioVersion = 16.0.30001.183
MinimumVisualStudioVersion = 10.0.40219.1
Project("{FAE04EC0-301F-11D3-BF4B-00C04F79EFBC}") = "NextVozDownloadImage", "NextVozDownloadImage.csproj", "{2EBACECA-DE38-44E2-8501-B3C9D42F7CD8}"
EndProject
Project("{FAE04EC0-301F-11D3-BF4B-00C04F79EFBC}") = "NextVozDownloadImageTests", "..\NextVozDownloadImageTests\NextVozDownloadImageTests.csproj", "{37F575EE-27AA-44DE-A844-CE554089515A}"
EndProject
Global
	GlobalSection(SolutionConfigurationPlatforms) = preSolution
		Debug|Any CPU = Debug|Any CPU
		Release|Any CPU = Release|Any CPU
	EndGlobalSection
	GlobalSection(ProjectConfigurationPlatforms) = postSolution
		{2EBACECA-DE38-44E2-8501-B3C9D42F7CD8}.Debug|Any CPU.ActiveCfg = Debug|Any CPU
		{2EBACECA-DE38-44E2-8501-B3C9D42F7CD8}.Debug|Any CPU.Build.0 = Debug|Any CPU
		{2EBACECA-DE38-44E2-8501-B3C9D42F7CD8}.Release|Any CPU.ActiveCfg = Release|Any CPU
		{2EBACECA-DE38-44E2-8501-B3C9D42F7CD8}.Release|Any CPU.Build.0 = Release|Any CPU
		{37F575EE-27AA-44DE-A844-CE554089515A}.Debug|Any CPU.ActiveCfg = Debug|Any CPU
		{37F575EE-27AA-44DE-A844-CE554089515A}.Debug|Any CPU.Build.0 = Debug|Any CPU
		{37F575EE-27AA-44DE-A844-CE554089515A}.Release|Any CPU.ActiveCfg = Release|Any CPU
		{37F575EE-27AA-44DE-A844-CE554089515A}.Release|Any CPU.Build.0 = Release|Any CPU
	EndGlobalSection
	GlobalSection(SolutionProperties) = preSolution
		HideSolutionNode = FALSE
	EndGlobalSection
	GlobalSection(ExtensibilityGlobals) = postSolution
		SolutionGuid = {CBA3F356-9789-426E-8FB3-D004BF27AA29}
	EndGlobalSection
EndGlobal
